// !$*UTF8*$!
{
	archiveVersion = 1;
	classes = {
	};
	objectVersion = 46;
	objects = {

/* Begin PBXBuildFile section */
		F750AF5C174F55FF00CA61BC /* libgtb.a in Frameworks */ = {isa = PBXBuildFile; fileRef = F750AF57174F559F00CA61BC /* libgtb.a */; };
		F757E724174F6E630034FC58 /* libqdbm.a in Frameworks */ = {isa = PBXBuildFile; fileRef = F757E721174F6E4A0034FC58 /* libqdbm.a */; };
		F757E727174F6E8E0034FC58 /* phash_qdbm.cpp in Sources */ = {isa = PBXBuildFile; fileRef = F757E726174F6E8E0034FC58 /* phash_qdbm.cpp */; };
		F7802A06174CFDC300D3CEF8 /* bitcount.cpp in Sources */ = {isa = PBXBuildFile; fileRef = F7802A03174CFCC200D3CEF8 /* bitcount.cpp */; };
		F791ECC31761CBC300262B71 /* liblmdb.a in Frameworks */ = {isa = PBXBuildFile; fileRef = F7B1E7501761C97500ABCFE9 /* liblmdb.a */; };
		F791ECCD1761CCCF00262B71 /* phash_lmdb.cpp in Sources */ = {isa = PBXBuildFile; fileRef = F791ECCB1761CCCF00262B71 /* phash_lmdb.cpp */; };
		F791ECD11761F13D00262B71 /* phash.cpp in Sources */ = {isa = PBXBuildFile; fileRef = F791ECD01761F13D00262B71 /* phash.cpp */; };
		F7BE3E9F174280270021A427 /* benchmark.cpp in Sources */ = {isa = PBXBuildFile; fileRef = F7BE3E75174280270021A427 /* benchmark.cpp */; };
		F7BE3EA0174280270021A427 /* bitbase.cpp in Sources */ = {isa = PBXBuildFile; fileRef = F7BE3E76174280270021A427 /* bitbase.cpp */; };
		F7BE3EA1174280270021A427 /* bitboard.cpp in Sources */ = {isa = PBXBuildFile; fileRef = F7BE3E77174280270021A427 /* bitboard.cpp */; };
		F7BE3EA2174280270021A427 /* book.cpp in Sources */ = {isa = PBXBuildFile; fileRef = F7BE3E7A174280270021A427 /* book.cpp */; };
		F7BE3EA3174280270021A427 /* endgame.cpp in Sources */ = {isa = PBXBuildFile; fileRef = F7BE3E7C174280270021A427 /* endgame.cpp */; };
		F7BE3EA4174280270021A427 /* evaluate.cpp in Sources */ = {isa = PBXBuildFile; fileRef = F7BE3E7E174280270021A427 /* evaluate.cpp */; };
		F7BE3EA5174280270021A427 /* main.cpp in Sources */ = {isa = PBXBuildFile; fileRef = F7BE3E80174280270021A427 /* main.cpp */; };
		F7BE3EA7174280270021A427 /* material.cpp in Sources */ = {isa = PBXBuildFile; fileRef = F7BE3E82174280270021A427 /* material.cpp */; };
		F7BE3EA8174280270021A427 /* misc.cpp in Sources */ = {isa = PBXBuildFile; fileRef = F7BE3E84174280270021A427 /* misc.cpp */; };
		F7BE3EA9174280270021A427 /* movegen.cpp in Sources */ = {isa = PBXBuildFile; fileRef = F7BE3E86174280270021A427 /* movegen.cpp */; };
		F7BE3EAA174280270021A427 /* movepick.cpp in Sources */ = {isa = PBXBuildFile; fileRef = F7BE3E88174280270021A427 /* movepick.cpp */; };
		F7BE3EAB174280270021A427 /* notation.cpp in Sources */ = {isa = PBXBuildFile; fileRef = F7BE3E8A174280270021A427 /* notation.cpp */; };
		F7BE3EAC174280270021A427 /* pawns.cpp in Sources */ = {isa = PBXBuildFile; fileRef = F7BE3E8C174280270021A427 /* pawns.cpp */; };
		F7BE3EAD174280270021A427 /* position.cpp in Sources */ = {isa = PBXBuildFile; fileRef = F7BE3E8F174280270021A427 /* position.cpp */; };
		F7BE3EAE174280270021A427 /* search.cpp in Sources */ = {isa = PBXBuildFile; fileRef = F7BE3E93174280270021A427 /* search.cpp */; };
		F7BE3EAF174280270021A427 /* thread.cpp in Sources */ = {isa = PBXBuildFile; fileRef = F7BE3E95174280270021A427 /* thread.cpp */; };
		F7BE3EB0174280270021A427 /* timeman.cpp in Sources */ = {isa = PBXBuildFile; fileRef = F7BE3E97174280270021A427 /* timeman.cpp */; };
		F7BE3EB1174280270021A427 /* tt.cpp in Sources */ = {isa = PBXBuildFile; fileRef = F7BE3E99174280270021A427 /* tt.cpp */; };
		F7BE3EB2174280270021A427 /* uci.cpp in Sources */ = {isa = PBXBuildFile; fileRef = F7BE3E9C174280270021A427 /* uci.cpp */; };
		F7BE3EB3174280270021A427 /* ucioption.cpp in Sources */ = {isa = PBXBuildFile; fileRef = F7BE3E9D174280270021A427 /* ucioption.cpp */; };
		F7BE3EB6174296520021A427 /* egtb.cpp in Sources */ = {isa = PBXBuildFile; fileRef = F7BE3EB41742964B0021A427 /* egtb.cpp */; };
/* End PBXBuildFile section */

/* Begin PBXContainerItemProxy section */
		F750AF56174F559F00CA61BC /* PBXContainerItemProxy */ = {
			isa = PBXContainerItemProxy;
			containerPortal = F750AF52174F559F00CA61BC /* gtb.xcodeproj */;
			proxyType = 2;
			remoteGlobalIDString = F75FFE5A174D4B6800B953ED;
			remoteInfo = gtb;
		};
		F750AF59174F55F900CA61BC /* PBXContainerItemProxy */ = {
			isa = PBXContainerItemProxy;
			containerPortal = F750AF52174F559F00CA61BC /* gtb.xcodeproj */;
			proxyType = 1;
			remoteGlobalIDString = F75FFE59174D4B6800B953ED;
			remoteInfo = gtb;
		};
		F757E720174F6E4A0034FC58 /* PBXContainerItemProxy */ = {
			isa = PBXContainerItemProxy;
			containerPortal = F757E71C174F6E4A0034FC58 /* qdbm.xcodeproj */;
			proxyType = 2;
			remoteGlobalIDString = F750AF2A174E12FA00CA61BC;
			remoteInfo = qdbm;
		};
		F757E722174F6E5F0034FC58 /* PBXContainerItemProxy */ = {
			isa = PBXContainerItemProxy;
			containerPortal = F757E71C174F6E4A0034FC58 /* qdbm.xcodeproj */;
			proxyType = 1;
			remoteGlobalIDString = F750AF29174E12FA00CA61BC;
			remoteInfo = qdbm;
		};
		F791ECC01761CBBF00262B71 /* PBXContainerItemProxy */ = {
			isa = PBXContainerItemProxy;
			containerPortal = F7B1E74B1761C97400ABCFE9 /* lmdb.xcodeproj */;
			proxyType = 1;
			remoteGlobalIDString = F7B1E7431761C97400ABCFE9;
			remoteInfo = lmdb;
		};
		F7B1E74F1761C97500ABCFE9 /* PBXContainerItemProxy */ = {
			isa = PBXContainerItemProxy;
			containerPortal = F7B1E74B1761C97400ABCFE9 /* lmdb.xcodeproj */;
			proxyType = 2;
			remoteGlobalIDString = F7B1E7441761C97400ABCFE9;
			remoteInfo = lmdb;
		};
/* End PBXContainerItemProxy section */

/* Begin PBXCopyFilesBuildPhase section */
		F7BE3E6617427FEF0021A427 /* CopyFiles */ = {
			isa = PBXCopyFilesBuildPhase;
			buildActionMask = 2147483647;
			dstPath = /usr/share/man/man1/;
			dstSubfolderSpec = 0;
			files = (
			);
			runOnlyForDeploymentPostprocessing = 1;
		};
/* End PBXCopyFilesBuildPhase section */

/* Begin PBXFileReference section */
		F750AF52174F559F00CA61BC /* gtb.xcodeproj */ = {isa = PBXFileReference; lastKnownFileType = "wrapper.pb-project"; name = gtb.xcodeproj; path = gtb/gtb.xcodeproj; sourceTree = "<group>"; };
		F757E71C174F6E4A0034FC58 /* qdbm.xcodeproj */ = {isa = PBXFileReference; lastKnownFileType = "wrapper.pb-project"; name = qdbm.xcodeproj; path = qdbm/qdbm.xcodeproj; sourceTree = "<group>"; };
		F757E725174F6E8E0034FC58 /* phash.h */ = {isa = PBXFileReference; fileEncoding = 4; lastKnownFileType = sourcecode.c.h; path = phash.h; sourceTree = "<group>"; };
		F757E726174F6E8E0034FC58 /* phash_qdbm.cpp */ = {isa = PBXFileReference; fileEncoding = 4; lastKnownFileType = sourcecode.cpp.cpp; path = phash_qdbm.cpp; sourceTree = "<group>"; };
		F7802A03174CFCC200D3CEF8 /* bitcount.cpp */ = {isa = PBXFileReference; fileEncoding = 4; lastKnownFileType = sourcecode.cpp.cpp; path = bitcount.cpp; sourceTree = "<group>"; };
		F791ECCB1761CCCF00262B71 /* phash_lmdb.cpp */ = {isa = PBXFileReference; fileEncoding = 4; lastKnownFileType = sourcecode.cpp.cpp; path = phash_lmdb.cpp; sourceTree = "<group>"; };
		F791ECCE1761E61B00262B71 /* phash_qdbm.h */ = {isa = PBXFileReference; fileEncoding = 4; lastKnownFileType = sourcecode.c.h; path = phash_qdbm.h; sourceTree = "<group>"; };
		F791ECCF1761EC4600262B71 /* phash_lmdb.h */ = {isa = PBXFileReference; lastKnownFileType = sourcecode.c.h; path = phash_lmdb.h; sourceTree = "<group>"; };
		F791ECD01761F13D00262B71 /* phash.cpp */ = {isa = PBXFileReference; fileEncoding = 4; lastKnownFileType = sourcecode.cpp.cpp; path = phash.cpp; sourceTree = "<group>"; };
		F7B1E74B1761C97400ABCFE9 /* lmdb.xcodeproj */ = {isa = PBXFileReference; lastKnownFileType = "wrapper.pb-project"; name = lmdb.xcodeproj; path = lmdb/lmdb.xcodeproj; sourceTree = "<group>"; };
		F7BE3E6817427FEF0021A427 /* stockfish */ = {isa = PBXFileReference; explicitFileType = "compiled.mach-o.executable"; includeInIndex = 0; path = stockfish; sourceTree = BUILT_PRODUCTS_DIR; };
		F7BE3E75174280270021A427 /* benchmark.cpp */ = {isa = PBXFileReference; fileEncoding = 4; lastKnownFileType = sourcecode.cpp.cpp; path = benchmark.cpp; sourceTree = "<group>"; };
		F7BE3E76174280270021A427 /* bitbase.cpp */ = {isa = PBXFileReference; fileEncoding = 4; lastKnownFileType = sourcecode.cpp.cpp; path = bitbase.cpp; sourceTree = "<group>"; };
		F7BE3E77174280270021A427 /* bitboard.cpp */ = {isa = PBXFileReference; fileEncoding = 4; lastKnownFileType = sourcecode.cpp.cpp; path = bitboard.cpp; sourceTree = "<group>"; };
		F7BE3E78174280270021A427 /* bitboard.h */ = {isa = PBXFileReference; fileEncoding = 4; lastKnownFileType = sourcecode.c.h; path = bitboard.h; sourceTree = "<group>"; };
		F7BE3E79174280270021A427 /* bitcount.h */ = {isa = PBXFileReference; fileEncoding = 4; lastKnownFileType = sourcecode.c.h; path = bitcount.h; sourceTree = "<group>"; };
		F7BE3E7A174280270021A427 /* book.cpp */ = {isa = PBXFileReference; fileEncoding = 4; lastKnownFileType = sourcecode.cpp.cpp; path = book.cpp; sourceTree = "<group>"; };
		F7BE3E7B174280270021A427 /* book.h */ = {isa = PBXFileReference; fileEncoding = 4; lastKnownFileType = sourcecode.c.h; path = book.h; sourceTree = "<group>"; };
		F7BE3E7C174280270021A427 /* endgame.cpp */ = {isa = PBXFileReference; fileEncoding = 4; lastKnownFileType = sourcecode.cpp.cpp; path = endgame.cpp; sourceTree = "<group>"; };
		F7BE3E7D174280270021A427 /* endgame.h */ = {isa = PBXFileReference; fileEncoding = 4; lastKnownFileType = sourcecode.c.h; path = endgame.h; sourceTree = "<group>"; };
		F7BE3E7E174280270021A427 /* evaluate.cpp */ = {isa = PBXFileReference; fileEncoding = 4; lastKnownFileType = sourcecode.cpp.cpp; path = evaluate.cpp; sourceTree = "<group>"; };
		F7BE3E7F174280270021A427 /* evaluate.h */ = {isa = PBXFileReference; fileEncoding = 4; lastKnownFileType = sourcecode.c.h; path = evaluate.h; sourceTree = "<group>"; };
		F7BE3E80174280270021A427 /* main.cpp */ = {isa = PBXFileReference; fileEncoding = 4; lastKnownFileType = sourcecode.cpp.cpp; path = main.cpp; sourceTree = "<group>"; };
		F7BE3E81174280270021A427 /* Makefile */ = {isa = PBXFileReference; fileEncoding = 4; lastKnownFileType = sourcecode.make; path = Makefile; sourceTree = "<group>"; };
		F7BE3E82174280270021A427 /* material.cpp */ = {isa = PBXFileReference; fileEncoding = 4; lastKnownFileType = sourcecode.cpp.cpp; path = material.cpp; sourceTree = "<group>"; };
		F7BE3E83174280270021A427 /* material.h */ = {isa = PBXFileReference; fileEncoding = 4; lastKnownFileType = sourcecode.c.h; path = material.h; sourceTree = "<group>"; };
		F7BE3E84174280270021A427 /* misc.cpp */ = {isa = PBXFileReference; fileEncoding = 4; lastKnownFileType = sourcecode.cpp.cpp; path = misc.cpp; sourceTree = "<group>"; };
		F7BE3E85174280270021A427 /* misc.h */ = {isa = PBXFileReference; fileEncoding = 4; lastKnownFileType = sourcecode.c.h; path = misc.h; sourceTree = "<group>"; };
		F7BE3E86174280270021A427 /* movegen.cpp */ = {isa = PBXFileReference; fileEncoding = 4; lastKnownFileType = sourcecode.cpp.cpp; path = movegen.cpp; sourceTree = "<group>"; };
		F7BE3E87174280270021A427 /* movegen.h */ = {isa = PBXFileReference; fileEncoding = 4; lastKnownFileType = sourcecode.c.h; path = movegen.h; sourceTree = "<group>"; };
		F7BE3E88174280270021A427 /* movepick.cpp */ = {isa = PBXFileReference; fileEncoding = 4; lastKnownFileType = sourcecode.cpp.cpp; path = movepick.cpp; sourceTree = "<group>"; };
		F7BE3E89174280270021A427 /* movepick.h */ = {isa = PBXFileReference; fileEncoding = 4; lastKnownFileType = sourcecode.c.h; path = movepick.h; sourceTree = "<group>"; };
		F7BE3E8A174280270021A427 /* notation.cpp */ = {isa = PBXFileReference; fileEncoding = 4; lastKnownFileType = sourcecode.cpp.cpp; path = notation.cpp; sourceTree = "<group>"; };
		F7BE3E8B174280270021A427 /* notation.h */ = {isa = PBXFileReference; fileEncoding = 4; lastKnownFileType = sourcecode.c.h; path = notation.h; sourceTree = "<group>"; };
		F7BE3E8C174280270021A427 /* pawns.cpp */ = {isa = PBXFileReference; fileEncoding = 4; lastKnownFileType = sourcecode.cpp.cpp; path = pawns.cpp; sourceTree = "<group>"; };
		F7BE3E8D174280270021A427 /* pawns.h */ = {isa = PBXFileReference; fileEncoding = 4; lastKnownFileType = sourcecode.c.h; path = pawns.h; sourceTree = "<group>"; };
		F7BE3E8E174280270021A427 /* platform.h */ = {isa = PBXFileReference; fileEncoding = 4; lastKnownFileType = sourcecode.c.h; path = platform.h; sourceTree = "<group>"; };
		F7BE3E8F174280270021A427 /* position.cpp */ = {isa = PBXFileReference; fileEncoding = 4; lastKnownFileType = sourcecode.cpp.cpp; path = position.cpp; sourceTree = "<group>"; };
		F7BE3E90174280270021A427 /* position.h */ = {isa = PBXFileReference; fileEncoding = 4; lastKnownFileType = sourcecode.c.h; path = position.h; sourceTree = "<group>"; };
		F7BE3E91174280270021A427 /* psqtab.h */ = {isa = PBXFileReference; fileEncoding = 4; lastKnownFileType = sourcecode.c.h; path = psqtab.h; sourceTree = "<group>"; };
		F7BE3E92174280270021A427 /* rkiss.h */ = {isa = PBXFileReference; fileEncoding = 4; lastKnownFileType = sourcecode.c.h; path = rkiss.h; sourceTree = "<group>"; };
		F7BE3E93174280270021A427 /* search.cpp */ = {isa = PBXFileReference; fileEncoding = 4; lastKnownFileType = sourcecode.cpp.cpp; path = search.cpp; sourceTree = "<group>"; };
		F7BE3E94174280270021A427 /* search.h */ = {isa = PBXFileReference; fileEncoding = 4; lastKnownFileType = sourcecode.c.h; path = search.h; sourceTree = "<group>"; };
		F7BE3E95174280270021A427 /* thread.cpp */ = {isa = PBXFileReference; fileEncoding = 4; lastKnownFileType = sourcecode.cpp.cpp; path = thread.cpp; sourceTree = "<group>"; };
		F7BE3E96174280270021A427 /* thread.h */ = {isa = PBXFileReference; fileEncoding = 4; lastKnownFileType = sourcecode.c.h; path = thread.h; sourceTree = "<group>"; };
		F7BE3E97174280270021A427 /* timeman.cpp */ = {isa = PBXFileReference; fileEncoding = 4; lastKnownFileType = sourcecode.cpp.cpp; path = timeman.cpp; sourceTree = "<group>"; };
		F7BE3E98174280270021A427 /* timeman.h */ = {isa = PBXFileReference; fileEncoding = 4; lastKnownFileType = sourcecode.c.h; path = timeman.h; sourceTree = "<group>"; };
		F7BE3E99174280270021A427 /* tt.cpp */ = {isa = PBXFileReference; fileEncoding = 4; lastKnownFileType = sourcecode.cpp.cpp; path = tt.cpp; sourceTree = "<group>"; };
		F7BE3E9A174280270021A427 /* tt.h */ = {isa = PBXFileReference; fileEncoding = 4; lastKnownFileType = sourcecode.c.h; path = tt.h; sourceTree = "<group>"; };
		F7BE3E9B174280270021A427 /* types.h */ = {isa = PBXFileReference; fileEncoding = 4; lastKnownFileType = sourcecode.c.h; path = types.h; sourceTree = "<group>"; };
		F7BE3E9C174280270021A427 /* uci.cpp */ = {isa = PBXFileReference; fileEncoding = 4; lastKnownFileType = sourcecode.cpp.cpp; path = uci.cpp; sourceTree = "<group>"; };
		F7BE3E9D174280270021A427 /* ucioption.cpp */ = {isa = PBXFileReference; fileEncoding = 4; lastKnownFileType = sourcecode.cpp.cpp; path = ucioption.cpp; sourceTree = "<group>"; };
		F7BE3E9E174280270021A427 /* ucioption.h */ = {isa = PBXFileReference; fileEncoding = 4; lastKnownFileType = sourcecode.c.h; path = ucioption.h; sourceTree = "<group>"; };
		F7BE3EB41742964B0021A427 /* egtb.cpp */ = {isa = PBXFileReference; lastKnownFileType = sourcecode.cpp.cpp; path = egtb.cpp; sourceTree = "<group>"; };
		F7BE3EB51742964B0021A427 /* egtb.h */ = {isa = PBXFileReference; lastKnownFileType = sourcecode.c.h; path = egtb.h; sourceTree = "<group>"; };
/* End PBXFileReference section */

/* Begin PBXFrameworksBuildPhase section */
		F7BE3E6517427FEF0021A427 /* Frameworks */ = {
			isa = PBXFrameworksBuildPhase;
			buildActionMask = 2147483647;
			files = (
				F791ECC31761CBC300262B71 /* liblmdb.a in Frameworks */,
				F757E724174F6E630034FC58 /* libqdbm.a in Frameworks */,
				F750AF5C174F55FF00CA61BC /* libgtb.a in Frameworks */,
			);
			runOnlyForDeploymentPostprocessing = 0;
		};
/* End PBXFrameworksBuildPhase section */

/* Begin PBXGroup section */
		F750AF53174F559F00CA61BC /* Products */ = {
			isa = PBXGroup;
			children = (
				F750AF57174F559F00CA61BC /* libgtb.a */,
			);
			name = Products;
			sourceTree = "<group>";
		};
		F757E71D174F6E4A0034FC58 /* Products */ = {
			isa = PBXGroup;
			children = (
				F757E721174F6E4A0034FC58 /* libqdbm.a */,
			);
			name = Products;
			sourceTree = "<group>";
		};
		F7B1E74C1761C97400ABCFE9 /* Products */ = {
			isa = PBXGroup;
			children = (
				F7B1E7501761C97500ABCFE9 /* liblmdb.a */,
			);
			name = Products;
			sourceTree = "<group>";
		};
		F7BE3E5F17427FEF0021A427 = {
			isa = PBXGroup;
			children = (
				F7B1E74B1761C97400ABCFE9 /* lmdb.xcodeproj */,
				F750AF52174F559F00CA61BC /* gtb.xcodeproj */,
				F757E71C174F6E4A0034FC58 /* qdbm.xcodeproj */,
				F7BE3E74174280270021A427 /* src */,
				F7BE3E6917427FEF0021A427 /* Products */,
			);
			indentWidth = 2;
			sourceTree = "<group>";
			tabWidth = 2;
			usesTabs = 0;
		};
		F7BE3E6917427FEF0021A427 /* Products */ = {
			isa = PBXGroup;
			children = (
				F7BE3E6817427FEF0021A427 /* stockfish */,
			);
			name = Products;
			sourceTree = "<group>";
		};
		F7BE3E74174280270021A427 /* src */ = {
			isa = PBXGroup;
			children = (
				F7BE3E75174280270021A427 /* benchmark.cpp */,
				F7BE3E76174280270021A427 /* bitbase.cpp */,
				F7BE3E77174280270021A427 /* bitboard.cpp */,
				F7BE3E78174280270021A427 /* bitboard.h */,
				F7802A03174CFCC200D3CEF8 /* bitcount.cpp */,
				F7BE3E79174280270021A427 /* bitcount.h */,
				F7BE3E7A174280270021A427 /* book.cpp */,
				F7BE3E7B174280270021A427 /* book.h */,
				F7BE3EB41742964B0021A427 /* egtb.cpp */,
				F7BE3EB51742964B0021A427 /* egtb.h */,
				F7BE3E7C174280270021A427 /* endgame.cpp */,
				F7BE3E7D174280270021A427 /* endgame.h */,
				F7BE3E7E174280270021A427 /* evaluate.cpp */,
				F7BE3E7F174280270021A427 /* evaluate.h */,
				F7BE3E80174280270021A427 /* main.cpp */,
				F7BE3E82174280270021A427 /* material.cpp */,
				F7BE3E83174280270021A427 /* material.h */,
				F7BE3E84174280270021A427 /* misc.cpp */,
				F7BE3E85174280270021A427 /* misc.h */,
				F7BE3E86174280270021A427 /* movegen.cpp */,
				F7BE3E87174280270021A427 /* movegen.h */,
				F7BE3E88174280270021A427 /* movepick.cpp */,
				F7BE3E89174280270021A427 /* movepick.h */,
				F7BE3E8A174280270021A427 /* notation.cpp */,
				F7BE3E8B174280270021A427 /* notation.h */,
				F7BE3E8C174280270021A427 /* pawns.cpp */,
				F7BE3E8D174280270021A427 /* pawns.h */,
				F757E725174F6E8E0034FC58 /* phash.h */,
				F791ECD01761F13D00262B71 /* phash.cpp */,
				F791ECCB1761CCCF00262B71 /* phash_lmdb.cpp */,
				F791ECCF1761EC4600262B71 /* phash_lmdb.h */,
				F757E726174F6E8E0034FC58 /* phash_qdbm.cpp */,
				F791ECCE1761E61B00262B71 /* phash_qdbm.h */,
				F7BE3E8E174280270021A427 /* platform.h */,
				F7BE3E8F174280270021A427 /* position.cpp */,
				F7BE3E90174280270021A427 /* position.h */,
				F7BE3E91174280270021A427 /* psqtab.h */,
				F7BE3E92174280270021A427 /* rkiss.h */,
				F7BE3E93174280270021A427 /* search.cpp */,
				F7BE3E94174280270021A427 /* search.h */,
				F7BE3E95174280270021A427 /* thread.cpp */,
				F7BE3E96174280270021A427 /* thread.h */,
				F7BE3E97174280270021A427 /* timeman.cpp */,
				F7BE3E98174280270021A427 /* timeman.h */,
				F7BE3E99174280270021A427 /* tt.cpp */,
				F7BE3E9A174280270021A427 /* tt.h */,
				F7BE3E9B174280270021A427 /* types.h */,
				F7BE3E9C174280270021A427 /* uci.cpp */,
				F7BE3E9D174280270021A427 /* ucioption.cpp */,
				F7BE3E9E174280270021A427 /* ucioption.h */,
				F7BE3E81174280270021A427 /* Makefile */,
			);
			name = src;
			path = ../src;
			sourceTree = "<group>";
		};
/* End PBXGroup section */

/* Begin PBXNativeTarget section */
		F7BE3E6717427FEF0021A427 /* stockfish */ = {
			isa = PBXNativeTarget;
			buildConfigurationList = F7BE3E7117427FEF0021A427 /* Build configuration list for PBXNativeTarget "stockfish" */;
			buildPhases = (
				F7BE3E6417427FEF0021A427 /* Sources */,
				F7BE3E6517427FEF0021A427 /* Frameworks */,
				F7BE3E6617427FEF0021A427 /* CopyFiles */,
			);
			buildRules = (
			);
			dependencies = (
				F791ECC11761CBBF00262B71 /* PBXTargetDependency */,
				F757E723174F6E5F0034FC58 /* PBXTargetDependency */,
				F750AF5A174F55F900CA61BC /* PBXTargetDependency */,
			);
			name = stockfish;
			productName = stockfish;
			productReference = F7BE3E6817427FEF0021A427 /* stockfish */;
			productType = "com.apple.product-type.tool";
		};
/* End PBXNativeTarget section */

/* Begin PBXProject section */
		F7BE3E6017427FEF0021A427 /* Project object */ = {
			isa = PBXProject;
			attributes = {
				LastUpgradeCheck = 0460;
				ORGANIZATIONNAME = stockfishchess;
			};
			buildConfigurationList = F7BE3E6317427FEF0021A427 /* Build configuration list for PBXProject "stockfish" */;
			compatibilityVersion = "Xcode 3.2";
			developmentRegion = English;
			hasScannedForEncodings = 0;
			knownRegions = (
				en,
			);
			mainGroup = F7BE3E5F17427FEF0021A427;
			productRefGroup = F7BE3E6917427FEF0021A427 /* Products */;
			projectDirPath = "";
			projectReferences = (
				{
					ProductGroup = F750AF53174F559F00CA61BC /* Products */;
					ProjectRef = F750AF52174F559F00CA61BC /* gtb.xcodeproj */;
				},
				{
					ProductGroup = F7B1E74C1761C97400ABCFE9 /* Products */;
					ProjectRef = F7B1E74B1761C97400ABCFE9 /* lmdb.xcodeproj */;
				},
				{
					ProductGroup = F757E71D174F6E4A0034FC58 /* Products */;
					ProjectRef = F757E71C174F6E4A0034FC58 /* qdbm.xcodeproj */;
				},
			);
			projectRoot = "";
			targets = (
				F7BE3E6717427FEF0021A427 /* stockfish */,
			);
		};
/* End PBXProject section */

/* Begin PBXReferenceProxy section */
		F750AF57174F559F00CA61BC /* libgtb.a */ = {
			isa = PBXReferenceProxy;
			fileType = archive.ar;
			path = libgtb.a;
			remoteRef = F750AF56174F559F00CA61BC /* PBXContainerItemProxy */;
			sourceTree = BUILT_PRODUCTS_DIR;
		};
		F757E721174F6E4A0034FC58 /* libqdbm.a */ = {
			isa = PBXReferenceProxy;
			fileType = archive.ar;
			path = libqdbm.a;
			remoteRef = F757E720174F6E4A0034FC58 /* PBXContainerItemProxy */;
			sourceTree = BUILT_PRODUCTS_DIR;
		};
		F7B1E7501761C97500ABCFE9 /* liblmdb.a */ = {
			isa = PBXReferenceProxy;
			fileType = archive.ar;
			path = liblmdb.a;
			remoteRef = F7B1E74F1761C97500ABCFE9 /* PBXContainerItemProxy */;
			sourceTree = BUILT_PRODUCTS_DIR;
		};
/* End PBXReferenceProxy section */

/* Begin PBXSourcesBuildPhase section */
		F7BE3E6417427FEF0021A427 /* Sources */ = {
			isa = PBXSourcesBuildPhase;
			buildActionMask = 2147483647;
			files = (
				F7BE3E9F174280270021A427 /* benchmark.cpp in Sources */,
				F7BE3EA0174280270021A427 /* bitbase.cpp in Sources */,
				F7BE3EA1174280270021A427 /* bitboard.cpp in Sources */,
				F7BE3EA2174280270021A427 /* book.cpp in Sources */,
				F7BE3EA3174280270021A427 /* endgame.cpp in Sources */,
				F7BE3EA4174280270021A427 /* evaluate.cpp in Sources */,
				F7BE3EA5174280270021A427 /* main.cpp in Sources */,
				F7BE3EA7174280270021A427 /* material.cpp in Sources */,
				F7BE3EA8174280270021A427 /* misc.cpp in Sources */,
				F7BE3EA9174280270021A427 /* movegen.cpp in Sources */,
				F7BE3EAA174280270021A427 /* movepick.cpp in Sources */,
				F7BE3EAB174280270021A427 /* notation.cpp in Sources */,
				F7BE3EAC174280270021A427 /* pawns.cpp in Sources */,
				F7BE3EAD174280270021A427 /* position.cpp in Sources */,
				F7BE3EAE174280270021A427 /* search.cpp in Sources */,
				F7BE3EAF174280270021A427 /* thread.cpp in Sources */,
				F7BE3EB0174280270021A427 /* timeman.cpp in Sources */,
				F7BE3EB1174280270021A427 /* tt.cpp in Sources */,
				F7BE3EB2174280270021A427 /* uci.cpp in Sources */,
				F7BE3EB3174280270021A427 /* ucioption.cpp in Sources */,
				F7BE3EB6174296520021A427 /* egtb.cpp in Sources */,
				F7802A06174CFDC300D3CEF8 /* bitcount.cpp in Sources */,
				F757E727174F6E8E0034FC58 /* phash_qdbm.cpp in Sources */,
				F791ECCD1761CCCF00262B71 /* phash_lmdb.cpp in Sources */,
				F791ECD11761F13D00262B71 /* phash.cpp in Sources */,
			);
			runOnlyForDeploymentPostprocessing = 0;
		};
/* End PBXSourcesBuildPhase section */

/* Begin PBXTargetDependency section */
		F750AF5A174F55F900CA61BC /* PBXTargetDependency */ = {
			isa = PBXTargetDependency;
			name = gtb;
			targetProxy = F750AF59174F55F900CA61BC /* PBXContainerItemProxy */;
		};
		F757E723174F6E5F0034FC58 /* PBXTargetDependency */ = {
			isa = PBXTargetDependency;
			name = qdbm;
			targetProxy = F757E722174F6E5F0034FC58 /* PBXContainerItemProxy */;
		};
		F791ECC11761CBBF00262B71 /* PBXTargetDependency */ = {
			isa = PBXTargetDependency;
			name = lmdb;
			targetProxy = F791ECC01761CBBF00262B71 /* PBXContainerItemProxy */;
		};
/* End PBXTargetDependency section */

/* Begin XCBuildConfiguration section */
		F7BE3E6F17427FEF0021A427 /* Debug */ = {
			isa = XCBuildConfiguration;
			buildSettings = {
				ALWAYS_SEARCH_USER_PATHS = NO;
				ARCHS = "$(ARCHS_STANDARD_32_64_BIT)";
				COPY_PHASE_STRIP = NO;
				GCC_C_LANGUAGE_STANDARD = gnu99;
				GCC_DYNAMIC_NO_PIC = NO;
				GCC_ENABLE_OBJC_EXCEPTIONS = YES;
				GCC_OPTIMIZATION_LEVEL = 0;
				GCC_PREPROCESSOR_DEFINITIONS = (
					"DEBUG=1",
					"$(inherited)",
				);
				GCC_SYMBOLS_PRIVATE_EXTERN = NO;
				GCC_WARN_64_TO_32_BIT_CONVERSION = YES;
				GCC_WARN_ABOUT_RETURN_TYPE = YES;
				GCC_WARN_UNINITIALIZED_AUTOS = YES;
				GCC_WARN_UNUSED_VARIABLE = YES;
				MACOSX_DEPLOYMENT_TARGET = 10.8;
				ONLY_ACTIVE_ARCH = YES;
				SDKROOT = macosx;
			};
			name = Debug;
		};
		F7BE3E7017427FEF0021A427 /* Release */ = {
			isa = XCBuildConfiguration;
			buildSettings = {
				ALWAYS_SEARCH_USER_PATHS = NO;
				ARCHS = "$(ARCHS_STANDARD_32_64_BIT)";
				COPY_PHASE_STRIP = YES;
				DEBUG_INFORMATION_FORMAT = "dwarf-with-dsym";
				GCC_C_LANGUAGE_STANDARD = gnu99;
				GCC_ENABLE_OBJC_EXCEPTIONS = YES;
				GCC_PREPROCESSOR_DEFINITIONS = "NDEBUG=1";
				GCC_WARN_64_TO_32_BIT_CONVERSION = YES;
				GCC_WARN_ABOUT_RETURN_TYPE = YES;
				GCC_WARN_UNINITIALIZED_AUTOS = YES;
				GCC_WARN_UNUSED_VARIABLE = YES;
				MACOSX_DEPLOYMENT_TARGET = 10.8;
				SDKROOT = macosx;
			};
			name = Release;
		};
		F7BE3E7217427FEF0021A427 /* Debug */ = {
			isa = XCBuildConfiguration;
			buildSettings = {
				GCC_PREPROCESSOR_DEFINITIONS = (
					"$(inherited)",
					USE_PREFETCH,
					USE_POPCNT,
					USE_EGTB,
					"PA_GTB=1",
				);
				"GCC_PREPROCESSOR_DEFINITIONS[arch=x86_64]" = (
					"$(inherited)",
					IS_64BIT,
					USE_BSFQ,
				);
				GCC_VERSION = com.apple.compilers.llvmgcc42;
				MACOSX_DEPLOYMENT_TARGET = 10.5;
				PRODUCT_NAME = "$(TARGET_NAME)";
				SDKROOT = macosx10.6;
			};
			name = Debug;
		};
		F7BE3E7317427FEF0021A427 /* Release */ = {
			isa = XCBuildConfiguration;
			buildSettings = {
				GCC_PREPROCESSOR_DEFINITIONS = (
					"$(inherited)",
					USE_PREFETCH,
					USE_POPCNT,
					USE_EGTB,
					"PA_GTB=1",
				);
				"GCC_PREPROCESSOR_DEFINITIONS[arch=x86_64]" = (
					"$(inherited)",
					IS_64BIT,
					USE_BSFQ,
				);
				GCC_VERSION = com.apple.compilers.llvmgcc42;
				MACOSX_DEPLOYMENT_TARGET = 10.5;
				PRODUCT_NAME = "$(TARGET_NAME)";
				SDKROOT = macosx10.6;
			};
			name = Release;
		};
/* End XCBuildConfiguration section */

/* Begin XCConfigurationList section */
		F7BE3E6317427FEF0021A427 /* Build configuration list for PBXProject "stockfish" */ = {
			isa = XCConfigurationList;
			buildConfigurations = (
				F7BE3E6F17427FEF0021A427 /* Debug */,
				F7BE3E7017427FEF0021A427 /* Release */,
			);
			defaultConfigurationIsVisible = 0;
			defaultConfigurationName = Release;
		};
		F7BE3E7117427FEF0021A427 /* Build configuration list for PBXNativeTarget "stockfish" */ = {
			isa = XCConfigurationList;
			buildConfigurations = (
				F7BE3E7217427FEF0021A427 /* Debug */,
				F7BE3E7317427FEF0021A427 /* Release */,
			);
			defaultConfigurationIsVisible = 0;
			defaultConfigurationName = Release;
		};
/* End XCConfigurationList section */
	};
	rootObject = F7BE3E6017427FEF0021A427 /* Project object */;
}
