// !$*UTF8*$!
{
	archiveVersion = 1;
	classes = {
	};
	objectVersion = 46;
	objects = {

/* Begin PBXBuildFile section */
		F791ECBD1761CB9C00262B71 /* mdb.c in Sources */ = {isa = PBXBuildFile; fileRef = F791ECBB1761CB9C00262B71 /* mdb.c */; };
		F791ECBE1761CB9C00262B71 /* midl.c in Sources */ = {isa = PBXBuildFile; fileRef = F791ECBC1761CB9C00262B71 /* midl.c */; };
		F791ECC61761CC4400262B71 /* lmdb.h in Headers */ = {isa = PBXBuildFile; fileRef = F791ECC41761CC4400262B71 /* lmdb.h */; };
		F791ECC71761CC4400262B71 /* midl.h in Headers */ = {isa = PBXBuildFile; fileRef = F791ECC51761CC4400262B71 /* midl.h */; };
/* End PBXBuildFile section */

/* Begin PBXFileReference section */
		F791ECBB1761CB9C00262B71 /* mdb.c */ = {isa = PBXFileReference; fileEncoding = 4; lastKnownFileType = sourcecode.c.c; name = mdb.c; path = ../../src/lmdb/mdb.c; sourceTree = "<group>"; };
		F791ECBC1761CB9C00262B71 /* midl.c */ = {isa = PBXFileReference; fileEncoding = 4; lastKnownFileType = sourcecode.c.c; name = midl.c; path = ../../src/lmdb/midl.c; sourceTree = "<group>"; };
		F791ECC41761CC4400262B71 /* lmdb.h */ = {isa = PBXFileReference; fileEncoding = 4; lastKnownFileType = sourcecode.c.h; name = lmdb.h; path = ../../src/lmdb/lmdb.h; sourceTree = "<group>"; };
		F791ECC51761CC4400262B71 /* midl.h */ = {isa = PBXFileReference; fileEncoding = 4; lastKnownFileType = sourcecode.c.h; name = midl.h; path = ../../src/lmdb/midl.h; sourceTree = "<group>"; };
		F7B1E7441761C97400ABCFE9 /* liblmdb.a */ = {isa = PBXFileReference; explicitFileType = archive.ar; includeInIndex = 0; path = liblmdb.a; sourceTree = BUILT_PRODUCTS_DIR; };
/* End PBXFileReference section */

/* Begin PBXFrameworksBuildPhase section */
		F7B1E7411761C97400ABCFE9 /* Frameworks */ = {
			isa = PBXFrameworksBuildPhase;
			buildActionMask = 2147483647;
			files = (
			);
			runOnlyForDeploymentPostprocessing = 0;
		};
/* End PBXFrameworksBuildPhase section */

/* Begin PBXGroup section */
		F791ECBF1761CBA700262B71 /* lmdb */ = {
			isa = PBXGroup;
			children = (
				F791ECC41761CC4400262B71 /* lmdb.h */,
				F791ECBB1761CB9C00262B71 /* mdb.c */,
				F791ECBC1761CB9C00262B71 /* midl.c */,
				F791ECC51761CC4400262B71 /* midl.h */,
			);
			name = lmdb;
			sourceTree = "<group>";
		};
		F7B1E73B1761C97400ABCFE9 = {
			isa = PBXGroup;
			children = (
				F791ECBF1761CBA700262B71 /* lmdb */,
				F7B1E7451761C97400ABCFE9 /* Products */,
			);
			sourceTree = "<group>";
		};
		F7B1E7451761C97400ABCFE9 /* Products */ = {
			isa = PBXGroup;
			children = (
				F7B1E7441761C97400ABCFE9 /* liblmdb.a */,
			);
			name = Products;
			sourceTree = "<group>";
		};
/* End PBXGroup section */

/* Begin PBXHeadersBuildPhase section */
		F7B1E7421761C97400ABCFE9 /* Headers */ = {
			isa = PBXHeadersBuildPhase;
			buildActionMask = 2147483647;
			files = (
				F791ECC61761CC4400262B71 /* lmdb.h in Headers */,
				F791ECC71761CC4400262B71 /* midl.h in Headers */,
			);
			runOnlyForDeploymentPostprocessing = 0;
		};
/* End PBXHeadersBuildPhase section */

/* Begin PBXNativeTarget section */
		F7B1E7431761C97400ABCFE9 /* lmdb */ = {
			isa = PBXNativeTarget;
			buildConfigurationList = F7B1E7481761C97400ABCFE9 /* Build configuration list for PBXNativeTarget "lmdb" */;
			buildPhases = (
				F7B1E7401761C97400ABCFE9 /* Sources */,
				F7B1E7411761C97400ABCFE9 /* Frameworks */,
				F7B1E7421761C97400ABCFE9 /* Headers */,
			);
			buildRules = (
			);
			dependencies = (
			);
			name = lmdb;
			productName = lmdb;
			productReference = F7B1E7441761C97400ABCFE9 /* liblmdb.a */;
			productType = "com.apple.product-type.library.static";
		};
/* End PBXNativeTarget section */

/* Begin PBXProject section */
		F7B1E73C1761C97400ABCFE9 /* Project object */ = {
			isa = PBXProject;
			attributes = {
				LastUpgradeCheck = 0460;
				ORGANIZATIONNAME = openldap;
			};
			buildConfigurationList = F7B1E73F1761C97400ABCFE9 /* Build configuration list for PBXProject "lmdb" */;
			compatibilityVersion = "Xcode 3.2";
			developmentRegion = English;
			hasScannedForEncodings = 0;
			knownRegions = (
				en,
			);
			mainGroup = F7B1E73B1761C97400ABCFE9;
			productRefGroup = F7B1E7451761C97400ABCFE9 /* Products */;
			projectDirPath = "";
			projectRoot = "";
			targets = (
				F7B1E7431761C97400ABCFE9 /* lmdb */,
			);
		};
/* End PBXProject section */

/* Begin PBXSourcesBuildPhase section */
		F7B1E7401761C97400ABCFE9 /* Sources */ = {
			isa = PBXSourcesBuildPhase;
			buildActionMask = 2147483647;
			files = (
				F791ECBD1761CB9C00262B71 /* mdb.c in Sources */,
				F791ECBE1761CB9C00262B71 /* midl.c in Sources */,
			);
			runOnlyForDeploymentPostprocessing = 0;
		};
/* End PBXSourcesBuildPhase section */

/* Begin XCBuildConfiguration section */
		F7B1E7461761C97400ABCFE9 /* Debug */ = {
			isa = XCBuildConfiguration;
			buildSettings = {
				ALWAYS_SEARCH_USER_PATHS = NO;
				ARCHS = "$(ARCHS_STANDARD_32_64_BIT)";
				COPY_PHASE_STRIP = NO;
				GCC_VERSION = com.apple.compilers.llvmgcc42;
				MACOSX_DEPLOYMENT_TARGET = 10.5;
				ONLY_ACTIVE_ARCH = YES;
				SDKROOT = macosx10.6;
			};
			name = Debug;
		};
		F7B1E7471761C97400ABCFE9 /* Release */ = {
			isa = XCBuildConfiguration;
			buildSettings = {
				ALWAYS_SEARCH_USER_PATHS = NO;
				ARCHS = "$(ARCHS_STANDARD_32_64_BIT)";
				COPY_PHASE_STRIP = YES;
				DEBUG_INFORMATION_FORMAT = "dwarf-with-dsym";
				GCC_VERSION = com.apple.compilers.llvmgcc42;
				MACOSX_DEPLOYMENT_TARGET = 10.5;
				SDKROOT = macosx10.6;
			};
			name = Release;
		};
		F7B1E7491761C97400ABCFE9 /* Debug */ = {
			isa = XCBuildConfiguration;
			buildSettings = {
				EXECUTABLE_PREFIX = lib;
				PRODUCT_NAME = "$(TARGET_NAME)";
			};
			name = Debug;
		};
		F7B1E74A1761C97400ABCFE9 /* Release */ = {
			isa = XCBuildConfiguration;
			buildSettings = {
				EXECUTABLE_PREFIX = lib;
				PRODUCT_NAME = "$(TARGET_NAME)";
			};
			name = Release;
		};
/* End XCBuildConfiguration section */

/* Begin XCConfigurationList section */
		F7B1E73F1761C97400ABCFE9 /* Build configuration list for PBXProject "lmdb" */ = {
			isa = XCConfigurationList;
			buildConfigurations = (
				F7B1E7461761C97400ABCFE9 /* Debug */,
				F7B1E7471761C97400ABCFE9 /* Release */,
			);
			defaultConfigurationIsVisible = 0;
			defaultConfigurationName = Release;
		};
		F7B1E7481761C97400ABCFE9 /* Build configuration list for PBXNativeTarget "lmdb" */ = {
			isa = XCConfigurationList;
			buildConfigurations = (
				F7B1E7491761C97400ABCFE9 /* Debug */,
				F7B1E74A1761C97400ABCFE9 /* Release */,
			);
			defaultConfigurationIsVisible = 0;
			defaultConfigurationName = Release;
		};
/* End XCConfigurationList section */
	};
	rootObject = F7B1E73C1761C97400ABCFE9 /* Project object */;
}
